<?xml version="1.0" encoding="utf-8"?>
<Project ToolsVersion="4.0" xmlns="http://schemas.microsoft.com/developer/msbuild/2003">
  <ItemGroup>
    <ClCompile Include="source\source.cpp">
      <Filter>Source Files</Filter>
    </ClCompile>
    <ClCompile Include="source\xlwWrapper.cpp">
      <Filter>Source Files</Filter>
    </ClCompile>
    <ClCompile Include="source\AntiThetic.cpp">
      <Filter>Source Files</Filter>
    </ClCompile>
    <ClCompile Include="source\Arrays.cpp">
      <Filter>Source Files</Filter>
    </ClCompile>
    <ClCompile Include="source\barrier_options_analytical.cpp">
      <Filter>Source Files</Filter>
    </ClCompile>
    <ClCompile Include="source\BlackScholesFormulas.cpp">
      <Filter>Source Files</Filter>
    </ClCompile>
    <ClCompile Include="source\BSCallTwo.cpp">
      <Filter>Source Files</Filter>
    </ClCompile>
    <ClCompile Include="source\HestonIntegrand.cpp">
      <Filter>Source Files</Filter>
    </ClCompile>
    <ClCompile Include="source\HestonPricingAnalytical.cpp">
      <Filter>Source Files</Filter>
    </ClCompile>
    <ClCompile Include="source\MyFunctions.cpp">
      <Filter>Source Files</Filter>
    </ClCompile>
    <ClCompile Include="source\Normals.cpp">
      <Filter>Source Files</Filter>
    </ClCompile>
    <ClCompile Include="source\options.cpp">
      <Filter>Source Files</Filter>
    </ClCompile>
    <ClCompile Include="source\ParkMiller.cpp">
      <Filter>Source Files</Filter>
    </ClCompile>
    <ClCompile Include="source\quanto_margrabe.cpp">
      <Filter>Source Files</Filter>
    </ClCompile>
    <ClCompile Include="source\Random2.cpp">
      <Filter>Source Files</Filter>
    </ClCompile>
    <ClCompile Include="source\SteppingMethods.cpp">
      <Filter>Source Files</Filter>
    </ClCompile>
    <ClCompile Include="source\Terminator.cpp">
      <Filter>Source Files</Filter>
    </ClCompile>
    <ClCompile Include="source\VGIntegrand.cpp">
      <Filter>Source Files</Filter>
    </ClCompile>
    <ClCompile Include="source\VGPricingAnalytical.cpp">
      <Filter>Source Files</Filter>
    </ClCompile>
  </ItemGroup>
  <ItemGroup>
    <Filter Include="Header Files">
      <UniqueIdentifier>{1e5fdf5e-12c3-4ad3-a12c-0cdd6131a4c3}</UniqueIdentifier>
    </Filter>
    <Filter Include="Source Files">
      <UniqueIdentifier>{1f2126a6-642f-46ca-85de-31f48a2dbb87}</UniqueIdentifier>
    </Filter>
  </ItemGroup>
  <ItemGroup>
    <ClInclude Include="source\cppinterface.h">
      <Filter>Header Files</Filter>
    </ClInclude>
    <ClInclude Include="source\analytical_jdm_pricer.h">
      <Filter>Header Files</Filter>
    </ClInclude>
    <ClInclude Include="source\AntiThetic.h">
      <Filter>Header Files</Filter>
    </ClInclude>
    <ClInclude Include="source\Arrays.h">
      <Filter>Header Files</Filter>
    </ClInclude>
    <ClInclude Include="source\barrier_options_analytical.h">
      <Filter>Header Files</Filter>
    </ClInclude>
    <ClInclude Include="source\BlackScholesFormulas.h">
      <Filter>Header Files</Filter>
    </ClInclude>
    <ClInclude Include="source\BSCallTwo.h">
      <Filter>Header Files</Filter>
    </ClInclude>
    <ClInclude Include="source\HestonIntegrand.h">
      <Filter>Header Files</Filter>
    </ClInclude>
    <ClInclude Include="source\HestonPricingAnalytical.h">
      <Filter>Header Files</Filter>
    </ClInclude>
    <ClInclude Include="source\MyFunctions.h">
      <Filter>Header Files</Filter>
    </ClInclude>
    <ClInclude Include="source\NewtonRaphson.h">
      <Filter>Header Files</Filter>
    </ClInclude>
    <ClInclude Include="source\Normals.h">
      <Filter>Header Files</Filter>
    </ClInclude>
    <ClInclude Include="source\NumericalIntegration.h">
      <Filter>Header Files</Filter>
    </ClInclude>
    <ClInclude Include="source\NumericalRule.h">
      <Filter>Header Files</Filter>
    </ClInclude>
    <ClInclude Include="source\options.h">
      <Filter>Header Files</Filter>
    </ClInclude>
    <ClInclude Include="source\ParkMiller.h">
      <Filter>Header Files</Filter>
    </ClInclude>
    <ClInclude Include="source\quanto_margrabe.h">
      <Filter>Header Files</Filter>
    </ClInclude>
    <ClInclude Include="source\Random2.h">
      <Filter>Header Files</Filter>
    </ClInclude>
    <ClInclude Include="source\SteppingMethods.h">
      <Filter>Header Files</Filter>
    </ClInclude>
    <ClInclude Include="source\Terminator.h">
      <Filter>Header Files</Filter>
    </ClInclude>
    <ClInclude Include="source\Timer.h">
      <Filter>Header Files</Filter>
    </ClInclude>
    <ClInclude Include="source\VGIntegrand.h">
      <Filter>Header Files</Filter>
    </ClInclude>
    <ClInclude Include="source\VGPricingAnalytical.h">
      <Filter>Header Files</Filter>
    </ClInclude>
    <ClInclude Include="source\wrapper.h">
      <Filter>Header Files</Filter>
    </ClInclude>
    <ClInclude Include="source\gamma_func.h">
      <Filter>Header Files</Filter>
    </ClInclude>
  </ItemGroup>
</Project>