<?xml version="1.0" encoding="utf-8"?>
<Project ToolsVersion="4.0" xmlns="http://schemas.microsoft.com/developer/msbuild/2003">
  <ItemGroup>
    <Filter Include="Header Files">
      <UniqueIdentifier>{80af7b3e-baea-498a-b70b-a07d6229a1f6}</UniqueIdentifier>
    </Filter>
    <Filter Include="Source Files">
      <UniqueIdentifier>{6eef7df1-1605-485b-a9e1-d843b3e784f6}</UniqueIdentifier>
    </Filter>
  </ItemGroup>
  <ItemGroup>
    <ClInclude Include="source\reftest.h">
      <Filter>Header Files</Filter>
    </ClInclude>
    <ClInclude Include="source\cppinterface.h">
      <Filter>Header Files</Filter>
    </ClInclude>
    <ClInclude Include="source\AntiTheticXlw.h">
      <Filter>Header Files</Filter>
    </ClInclude>
    <ClInclude Include="source\MomentMatchingXlw.h">
      <Filter>Header Files</Filter>
    </ClInclude>
    <ClInclude Include="source\Random2Xlw.h">
      <Filter>Header Files</Filter>
    </ClInclude>
    <ClInclude Include="source\MersenneTwisterXlw.h">
      <Filter>Header Files</Filter>
    </ClInclude>
    <ClInclude Include="source\ParkMillerXlw.h">
      <Filter>Header Files</Filter>
    </ClInclude>
    <ClInclude Include="..\joshi_dsgn_pattern_derivatives_pricing\library\include\Arrays.h">
      <Filter>Header Files</Filter>
    </ClInclude>
    <ClInclude Include="..\joshi_dsgn_pattern_derivatives_pricing\library\include\MyFunctions.h">
      <Filter>Header Files</Filter>
    </ClInclude>
    <ClInclude Include="..\joshi_dsgn_pattern_derivatives_pricing\library\include\Normals.h">
      <Filter>Header Files</Filter>
    </ClInclude>
    <ClInclude Include="..\joshi_dsgn_pattern_derivatives_pricing\library\include\ArgListFactory.h">
      <Filter>Header Files</Filter>
    </ClInclude>
    <ClInclude Include="..\joshi_dsgn_pattern_derivatives_pricing\library\include\ArgListFactoryHelper.h">
      <Filter>Header Files</Filter>
    </ClInclude>
    <ClInclude Include="..\joshi_dsgn_pattern_derivatives_pricing\library\include\Wrapper.h">
      <Filter>Header Files</Filter>
    </ClInclude>
  </ItemGroup>
  <ItemGroup>
    <ClCompile Include="source\source.cpp">
      <Filter>Source Files</Filter>
    </ClCompile>
    <ClCompile Include="source\xlwWrapper.cpp">
      <Filter>Source Files</Filter>
    </ClCompile>
    <ClCompile Include="source\AntiTheticXlw.cpp">
      <Filter>Source Files</Filter>
    </ClCompile>
    <ClCompile Include="source\MersenneTwisterXlw.cpp">
      <Filter>Source Files</Filter>
    </ClCompile>
    <ClCompile Include="source\MomentMatchingXlw.cpp">
      <Filter>Source Files</Filter>
    </ClCompile>
    <ClCompile Include="source\ParkMillerXlw.cpp">
      <Filter>Source Files</Filter>
    </ClCompile>
    <ClCompile Include="source\Random2Xlw.cpp">
      <Filter>Source Files</Filter>
    </ClCompile>
    <ClCompile Include="..\joshi_dsgn_pattern_derivatives_pricing\library\source\Arrays.cpp">
      <Filter>Source Files</Filter>
    </ClCompile>
    <ClCompile Include="..\joshi_dsgn_pattern_derivatives_pricing\library\source\MyFunctions.cpp">
      <Filter>Source Files</Filter>
    </ClCompile>
    <ClCompile Include="..\joshi_dsgn_pattern_derivatives_pricing\library\source\Normals.cpp">
      <Filter>Source Files</Filter>
    </ClCompile>
    <ClCompile Include="source\RNGRegistration.cpp">
      <Filter>Source Files</Filter>
    </ClCompile>
  </ItemGroup>
</Project>