
Microsoft Visual Studio Solution File, Format Version 12.00
# Visual Studio 2013
VisualStudioVersion = 12.0.40629.0
MinimumVisualStudioVersion = 10.0.40219.1
Project("{8BC9CEB8-8B4A-11D0-8D11-00A0C91BC942}") = "test_framework", "test_framework\test_framework.vcxproj", "{56BC6E27-7C24-45B0-BA9B-82ED59DB1F24}"
EndProject
Project("{8BC9CEB8-8B4A-11D0-8D11-00A0C91BC942}") = "numerical_integration", "numerical_integration\numerical_integration.vcxproj", "{2108F0F0-7AF0-4EE8-A373-D2B927A2CAA3}"
EndProject
Project("{8BC9CEB8-8B4A-11D0-8D11-00A0C91BC942}") = "monte_carlo", "monte_carlo\monte_carlo.vcxproj", "{66214D3F-5CE7-4F1A-997B-A859356D9B02}"
EndProject
Global
	GlobalSection(SolutionConfigurationPlatforms) = preSolution
		Debug|Win32 = Debug|Win32
		Release|Win32 = Release|Win32
	EndGlobalSection
	GlobalSection(ProjectConfigurationPlatforms) = postSolution
		{56BC6E27-7C24-45B0-BA9B-82ED59DB1F24}.Debug|Win32.ActiveCfg = Debug|Win32
		{56BC6E27-7C24-45B0-BA9B-82ED59DB1F24}.Debug|Win32.Build.0 = Debug|Win32
		{56BC6E27-7C24-45B0-BA9B-82ED59DB1F24}.Release|Win32.ActiveCfg = Release|Win32
		{56BC6E27-7C24-45B0-BA9B-82ED59DB1F24}.Release|Win32.Build.0 = Release|Win32
		{2108F0F0-7AF0-4EE8-A373-D2B927A2CAA3}.Debug|Win32.ActiveCfg = Debug|Win32
		{2108F0F0-7AF0-4EE8-A373-D2B927A2CAA3}.Debug|Win32.Build.0 = Debug|Win32
		{2108F0F0-7AF0-4EE8-A373-D2B927A2CAA3}.Release|Win32.ActiveCfg = Release|Win32
		{2108F0F0-7AF0-4EE8-A373-D2B927A2CAA3}.Release|Win32.Build.0 = Release|Win32
		{66214D3F-5CE7-4F1A-997B-A859356D9B02}.Debug|Win32.ActiveCfg = Debug|Win32
		{66214D3F-5CE7-4F1A-997B-A859356D9B02}.Debug|Win32.Build.0 = Debug|Win32
		{66214D3F-5CE7-4F1A-997B-A859356D9B02}.Release|Win32.ActiveCfg = Release|Win32
		{66214D3F-5CE7-4F1A-997B-A859356D9B02}.Release|Win32.Build.0 = Release|Win32
	EndGlobalSection
	GlobalSection(SolutionProperties) = preSolution
		HideSolutionNode = FALSE
	EndGlobalSection
EndGlobal
