<?xml version="1.0" encoding="utf-8"?>
<Project ToolsVersion="4.0" xmlns="http://schemas.microsoft.com/developer/msbuild/2003">
  <ItemGroup>
    <Filter Include="Source Files">
      <UniqueIdentifier>{4FC737F1-C7A5-4376-A066-2A32D752A2FF}</UniqueIdentifier>
      <Extensions>cpp;c;cc;cxx;def;odl;idl;hpj;bat;asm;asmx</Extensions>
    </Filter>
    <Filter Include="Header Files">
      <UniqueIdentifier>{93995380-89BD-4b04-88EB-625FBE52EBFB}</UniqueIdentifier>
      <Extensions>h;hh;hpp;hxx;hm;inl;inc;xsd</Extensions>
    </Filter>
    <Filter Include="Resource Files">
      <UniqueIdentifier>{67DA6AB6-F800-4c08-8B7A-83BB121AAD01}</UniqueIdentifier>
      <Extensions>rc;ico;cur;bmp;dlg;rc2;rct;bin;rgs;gif;jpg;jpeg;jpe;resx;tiff;tif;png;wav;mfcribbon-ms</Extensions>
    </Filter>
  </ItemGroup>
  <ItemGroup>
    <ClInclude Include="..\source\cppinterface.h">
      <Filter>Header Files</Filter>
    </ClInclude>
    <ClInclude Include="..\..\..\..\joshi_dsgn_pattern_derivatives_pricing\library\include\analytical_jdm_pricer.h">
      <Filter>Header Files</Filter>
    </ClInclude>
    <ClInclude Include="..\..\..\..\joshi_dsgn_pattern_derivatives_pricing\library\include\AntiThetic.h">
      <Filter>Header Files</Filter>
    </ClInclude>
    <ClInclude Include="..\..\..\..\joshi_dsgn_pattern_derivatives_pricing\library\include\Arrays.h">
      <Filter>Header Files</Filter>
    </ClInclude>
    <ClInclude Include="..\..\..\..\joshi_dsgn_pattern_derivatives_pricing\library\include\barrier_options_analytical.h">
      <Filter>Header Files</Filter>
    </ClInclude>
    <ClInclude Include="..\..\..\..\joshi_dsgn_pattern_derivatives_pricing\library\include\BlackScholesFormulas.h">
      <Filter>Header Files</Filter>
    </ClInclude>
    <ClInclude Include="..\..\..\..\joshi_dsgn_pattern_derivatives_pricing\library\include\BSCallTwo.h">
      <Filter>Header Files</Filter>
    </ClInclude>
    <ClInclude Include="..\..\..\..\joshi_dsgn_pattern_derivatives_pricing\library\include\MyFunctions.h">
      <Filter>Header Files</Filter>
    </ClInclude>
    <ClInclude Include="..\..\..\..\joshi_dsgn_pattern_derivatives_pricing\library\include\NewtonRaphson.h">
      <Filter>Header Files</Filter>
    </ClInclude>
    <ClInclude Include="..\..\..\..\joshi_dsgn_pattern_derivatives_pricing\library\include\Normals.h">
      <Filter>Header Files</Filter>
    </ClInclude>
    <ClInclude Include="..\..\..\..\joshi_dsgn_pattern_derivatives_pricing\library\include\NumericalIntegration.h">
      <Filter>Header Files</Filter>
    </ClInclude>
    <ClInclude Include="..\..\..\..\joshi_dsgn_pattern_derivatives_pricing\library\include\NumericalRule.h">
      <Filter>Header Files</Filter>
    </ClInclude>
    <ClInclude Include="..\..\..\..\joshi_dsgn_pattern_derivatives_pricing\library\include\options.h">
      <Filter>Header Files</Filter>
    </ClInclude>
    <ClInclude Include="..\..\..\..\joshi_dsgn_pattern_derivatives_pricing\library\include\ParkMiller.h">
      <Filter>Header Files</Filter>
    </ClInclude>
    <ClInclude Include="..\..\..\..\joshi_dsgn_pattern_derivatives_pricing\library\include\quanto_margrabe.h">
      <Filter>Header Files</Filter>
    </ClInclude>
    <ClInclude Include="..\..\..\..\joshi_dsgn_pattern_derivatives_pricing\library\include\Random2.h">
      <Filter>Header Files</Filter>
    </ClInclude>
    <ClInclude Include="..\..\..\..\joshi_dsgn_pattern_derivatives_pricing\library\include\SteppingMethods.h">
      <Filter>Header Files</Filter>
    </ClInclude>
    <ClInclude Include="..\..\..\..\joshi_dsgn_pattern_derivatives_pricing\library\include\Terminator.h">
      <Filter>Header Files</Filter>
    </ClInclude>
    <ClInclude Include="..\..\..\..\joshi_dsgn_pattern_derivatives_pricing\library\include\Timer.h">
      <Filter>Header Files</Filter>
    </ClInclude>
    <ClInclude Include="..\..\..\..\joshi_dsgn_pattern_derivatives_pricing\library\include\VGIntegrand.h">
      <Filter>Header Files</Filter>
    </ClInclude>
    <ClInclude Include="..\..\..\..\joshi_dsgn_pattern_derivatives_pricing\library\include\VGPricingAnalytical.h">
      <Filter>Header Files</Filter>
    </ClInclude>
    <ClInclude Include="..\..\..\..\joshi_dsgn_pattern_derivatives_pricing\library\include\Wrapper.h">
      <Filter>Header Files</Filter>
    </ClInclude>
    <ClInclude Include="..\..\..\..\joshi_dsgn_pattern_derivatives_pricing\library\include\heston_ql.h">
      <Filter>Header Files</Filter>
    </ClInclude>
    <ClInclude Include="..\..\..\..\joshi_dsgn_pattern_derivatives_pricing\library\include\implied_vol_ql.h">
      <Filter>Header Files</Filter>
    </ClInclude>
    <ClInclude Include="..\..\..\..\joshi_dsgn_pattern_derivatives_pricing\library\include\american_ql.h">
      <Filter>Header Files</Filter>
    </ClInclude>
    <ClInclude Include="..\..\..\..\joshi_dsgn_pattern_derivatives_pricing\library\include\interest_derivatives_analytical.h">
      <Filter>Header Files</Filter>
    </ClInclude>
    <ClInclude Include="..\..\..\..\joshi_dsgn_pattern_derivatives_pricing\library\include\BlackSwaption.h">
      <Filter>Header Files</Filter>
    </ClInclude>
  </ItemGroup>
  <ItemGroup>
    <ClCompile Include="..\source\source.cpp">
      <Filter>Source Files</Filter>
    </ClCompile>
    <ClCompile Include="..\source\xlwWrapper.cpp">
      <Filter>Source Files</Filter>
    </ClCompile>
    <ClCompile Include="..\..\..\..\joshi_dsgn_pattern_derivatives_pricing\library\source\AntiThetic.cpp">
      <Filter>Source Files</Filter>
    </ClCompile>
    <ClCompile Include="..\..\..\..\joshi_dsgn_pattern_derivatives_pricing\library\source\Arrays.cpp">
      <Filter>Source Files</Filter>
    </ClCompile>
    <ClCompile Include="..\..\..\..\joshi_dsgn_pattern_derivatives_pricing\library\source\barrier_options_analytical.cpp">
      <Filter>Source Files</Filter>
    </ClCompile>
    <ClCompile Include="..\..\..\..\joshi_dsgn_pattern_derivatives_pricing\library\source\BlackScholesFormulas.cpp">
      <Filter>Source Files</Filter>
    </ClCompile>
    <ClCompile Include="..\..\..\..\joshi_dsgn_pattern_derivatives_pricing\library\source\BSCallTwo.cpp">
      <Filter>Source Files</Filter>
    </ClCompile>
    <ClCompile Include="..\..\..\..\joshi_dsgn_pattern_derivatives_pricing\library\source\MyFunctions.cpp">
      <Filter>Source Files</Filter>
    </ClCompile>
    <ClCompile Include="..\..\..\..\joshi_dsgn_pattern_derivatives_pricing\library\source\Normals.cpp">
      <Filter>Source Files</Filter>
    </ClCompile>
    <ClCompile Include="..\..\..\..\joshi_dsgn_pattern_derivatives_pricing\library\source\options.cpp">
      <Filter>Source Files</Filter>
    </ClCompile>
    <ClCompile Include="..\..\..\..\joshi_dsgn_pattern_derivatives_pricing\library\source\ParkMiller.cpp">
      <Filter>Source Files</Filter>
    </ClCompile>
    <ClCompile Include="..\..\..\..\joshi_dsgn_pattern_derivatives_pricing\library\source\quanto_margrabe.cpp">
      <Filter>Source Files</Filter>
    </ClCompile>
    <ClCompile Include="..\..\..\..\joshi_dsgn_pattern_derivatives_pricing\library\source\Random2.cpp">
      <Filter>Source Files</Filter>
    </ClCompile>
    <ClCompile Include="..\..\..\..\joshi_dsgn_pattern_derivatives_pricing\library\source\SteppingMethods.cpp">
      <Filter>Source Files</Filter>
    </ClCompile>
    <ClCompile Include="..\..\..\..\joshi_dsgn_pattern_derivatives_pricing\library\source\Terminator.cpp">
      <Filter>Source Files</Filter>
    </ClCompile>
    <ClCompile Include="..\..\..\..\joshi_dsgn_pattern_derivatives_pricing\library\source\VGIntegrand.cpp">
      <Filter>Source Files</Filter>
    </ClCompile>
    <ClCompile Include="..\..\..\..\joshi_dsgn_pattern_derivatives_pricing\library\source\VGPricingAnalytical.cpp">
      <Filter>Source Files</Filter>
    </ClCompile>
    <ClCompile Include="..\..\..\..\joshi_dsgn_pattern_derivatives_pricing\library\source\heston_ql.cpp">
      <Filter>Source Files</Filter>
    </ClCompile>
    <ClCompile Include="..\..\..\..\joshi_dsgn_pattern_derivatives_pricing\library\source\implied_vol_ql.cpp">
      <Filter>Source Files</Filter>
    </ClCompile>
    <ClCompile Include="..\..\..\..\joshi_dsgn_pattern_derivatives_pricing\library\source\american_ql.cpp">
      <Filter>Source Files</Filter>
    </ClCompile>
    <ClCompile Include="..\..\..\..\joshi_dsgn_pattern_derivatives_pricing\library\source\interest_derivatives_analytical.cpp">
      <Filter>Source Files</Filter>
    </ClCompile>
    <ClCompile Include="..\..\..\..\joshi_dsgn_pattern_derivatives_pricing\library\source\BlackSwaption.cpp">
      <Filter>Source Files</Filter>
    </ClCompile>
  </ItemGroup>
</Project>